// !$*UTF8*$!
{
	archiveVersion = 1;
	classes = {
	};
	objectVersion = 46;
	objects = {

/* Begin PBXBuildFile section */
		64229B0F184E7DEC004627D2 /* Foundation.framework in Frameworks */ = {isa = PBXBuildFile; fileRef = 64229B0E184E7DEC004627D2 /* Foundation.framework */; };
		64229B11184E7DEC004627D2 /* CoreGraphics.framework in Frameworks */ = {isa = PBXBuildFile; fileRef = 64229B10184E7DEC004627D2 /* CoreGraphics.framework */; };
		64229B13184E7DEC004627D2 /* UIKit.framework in Frameworks */ = {isa = PBXBuildFile; fileRef = 64229B12184E7DEC004627D2 /* UIKit.framework */; };
		64229B19184E7DEC004627D2 /* InfoPlist.strings in Resources */ = {isa = PBXBuildFile; fileRef = 64229B17184E7DEC004627D2 /* InfoPlist.strings */; };
		64229B1B184E7DEC004627D2 /* main.m in Sources */ = {isa = PBXBuildFile; fileRef = 64229B1A184E7DEC004627D2 /* main.m */; };
		64229B1F184E7DEC004627D2 /* HTBAppDelegate.m in Sources */ = {isa = PBXBuildFile; fileRef = 64229B1E184E7DEC004627D2 /* HTBAppDelegate.m */; };
		64229B22184E7DEC004627D2 /* Main.storyboard in Resources */ = {isa = PBXBuildFile; fileRef = 64229B20184E7DEC004627D2 /* Main.storyboard */; };
		64229B25184E7DEC004627D2 /* HTBViewController.m in Sources */ = {isa = PBXBuildFile; fileRef = 64229B24184E7DEC004627D2 /* HTBViewController.m */; };
		64229B27184E7DEC004627D2 /* Images.xcassets in Resources */ = {isa = PBXBuildFile; fileRef = 64229B26184E7DEC004627D2 /* Images.xcassets */; };
		64229B2E184E7DEC004627D2 /* XCTest.framework in Frameworks */ = {isa = PBXBuildFile; fileRef = 64229B2D184E7DEC004627D2 /* XCTest.framework */; };
		64229B2F184E7DEC004627D2 /* Foundation.framework in Frameworks */ = {isa = PBXBuildFile; fileRef = 64229B0E184E7DEC004627D2 /* Foundation.framework */; };
		64229B30184E7DEC004627D2 /* UIKit.framework in Frameworks */ = {isa = PBXBuildFile; fileRef = 64229B12184E7DEC004627D2 /* UIKit.framework */; };
		64229B38184E7DEC004627D2 /* InfoPlist.strings in Resources */ = {isa = PBXBuildFile; fileRef = 64229B36184E7DEC004627D2 /* InfoPlist.strings */; };
		64229B3A184E7DEC004627D2 /* HTBURLSessionTests.m in Sources */ = {isa = PBXBuildFile; fileRef = 64229B39184E7DEC004627D2 /* HTBURLSessionTests.m */; };
		64229B46184E7EBB004627D2 /* HTBURLSession.m in Sources */ = {isa = PBXBuildFile; fileRef = 64229B45184E7EBB004627D2 /* HTBURLSession.m */; };
/* End PBXBuildFile section */

/* Begin PBXContainerItemProxy section */
		64229B31184E7DEC004627D2 /* PBXContainerItemProxy */ = {
			isa = PBXContainerItemProxy;
			containerPortal = 64229B03184E7DEB004627D2 /* Project object */;
			proxyType = 1;
			remoteGlobalIDString = 64229B0A184E7DEC004627D2;
			remoteInfo = "HTBURLSession Demo App";
		};
/* End PBXContainerItemProxy section */

/* Begin PBXFileReference section */
		64229B0B184E7DEC004627D2 /* HTBURLSession Demo App.app */ = {isa = PBXFileReference; explicitFileType = wrapper.application; includeInIndex = 0; path = "HTBURLSession Demo App.app"; sourceTree = BUILT_PRODUCTS_DIR; };
		64229B0E184E7DEC004627D2 /* Foundation.framework */ = {isa = PBXFileReference; lastKnownFileType = wrapper.framework; name = Foundation.framework; path = System/Library/Frameworks/Foundation.framework; sourceTree = SDKROOT; };
		64229B10184E7DEC004627D2 /* CoreGraphics.framework */ = {isa = PBXFileReference; lastKnownFileType = wrapper.framework; name = CoreGraphics.framework; path = System/Library/Frameworks/CoreGraphics.framework; sourceTree = SDKROOT; };
		64229B12184E7DEC004627D2 /* UIKit.framework */ = {isa = PBXFileReference; lastKnownFileType = wrapper.framework; name = UIKit.framework; path = System/Library/Frameworks/UIKit.framework; sourceTree = SDKROOT; };
		64229B16184E7DEC004627D2 /* HTBURLSession Demo App-Info.plist */ = {isa = PBXFileReference; lastKnownFileType = text.plist.xml; path = "HTBURLSession Demo App-Info.plist"; sourceTree = "<group>"; };
		64229B18184E7DEC004627D2 /* en */ = {isa = PBXFileReference; lastKnownFileType = text.plist.strings; name = en; path = en.lproj/InfoPlist.strings; sourceTree = "<group>"; };
		64229B1A184E7DEC004627D2 /* main.m */ = {isa = PBXFileReference; lastKnownFileType = sourcecode.c.objc; path = main.m; sourceTree = "<group>"; };
		64229B1C184E7DEC004627D2 /* HTBURLSession Demo App-Prefix.pch */ = {isa = PBXFileReference; lastKnownFileType = sourcecode.c.h; path = "HTBURLSession Demo App-Prefix.pch"; sourceTree = "<group>"; };
		64229B1D184E7DEC004627D2 /* HTBAppDelegate.h */ = {isa = PBXFileReference; lastKnownFileType = sourcecode.c.h; path = HTBAppDelegate.h; sourceTree = "<group>"; };
		64229B1E184E7DEC004627D2 /* HTBAppDelegate.m */ = {isa = PBXFileReference; lastKnownFileType = sourcecode.c.objc; path = HTBAppDelegate.m; sourceTree = "<group>"; };
		64229B21184E7DEC004627D2 /* Base */ = {isa = PBXFileReference; lastKnownFileType = file.storyboard; name = Base; path = Base.lproj/Main.storyboard; sourceTree = "<group>"; };
		64229B23184E7DEC004627D2 /* HTBViewController.h */ = {isa = PBXFileReference; lastKnownFileType = sourcecode.c.h; path = HTBViewController.h; sourceTree = "<group>"; };
		64229B24184E7DEC004627D2 /* HTBViewController.m */ = {isa = PBXFileReference; lastKnownFileType = sourcecode.c.objc; path = HTBViewController.m; sourceTree = "<group>"; };
		64229B26184E7DEC004627D2 /* Images.xcassets */ = {isa = PBXFileReference; lastKnownFileType = folder.assetcatalog; path = Images.xcassets; sourceTree = "<group>"; };
		64229B2C184E7DEC004627D2 /* HTBURLSessionTests.xctest */ = {isa = PBXFileReference; explicitFileType = wrapper.cfbundle; includeInIndex = 0; path = HTBURLSessionTests.xctest; sourceTree = BUILT_PRODUCTS_DIR; };
		64229B2D184E7DEC004627D2 /* XCTest.framework */ = {isa = PBXFileReference; lastKnownFileType = wrapper.framework; name = XCTest.framework; path = Library/Frameworks/XCTest.framework; sourceTree = DEVELOPER_DIR; };
		64229B35184E7DEC004627D2 /* HTBURLSessionTests-Info.plist */ = {isa = PBXFileReference; lastKnownFileType = text.plist.xml; path = "HTBURLSessionTests-Info.plist"; sourceTree = "<group>"; };
		64229B37184E7DEC004627D2 /* en */ = {isa = PBXFileReference; lastKnownFileType = text.plist.strings; name = en; path = en.lproj/InfoPlist.strings; sourceTree = "<group>"; };
		64229B39184E7DEC004627D2 /* HTBURLSessionTests.m */ = {isa = PBXFileReference; lastKnownFileType = sourcecode.c.objc; path = HTBURLSessionTests.m; sourceTree = "<group>"; };
		64229B44184E7EBB004627D2 /* HTBURLSession.h */ = {isa = PBXFileReference; fileEncoding = 4; lastKnownFileType = sourcecode.c.h; path = HTBURLSession.h; sourceTree = "<group>"; };
		64229B45184E7EBB004627D2 /* HTBURLSession.m */ = {isa = PBXFileReference; fileEncoding = 4; lastKnownFileType = sourcecode.c.objc; path = HTBURLSession.m; sourceTree = "<group>"; };
/* End PBXFileReference section */

/* Begin PBXFrameworksBuildPhase section */
		64229B08184E7DEC004627D2 /* Frameworks */ = {
			isa = PBXFrameworksBuildPhase;
			buildActionMask = 2147483647;
			files = (
				64229B11184E7DEC004627D2 /* CoreGraphics.framework in Frameworks */,
				64229B13184E7DEC004627D2 /* UIKit.framework in Frameworks */,
				64229B0F184E7DEC004627D2 /* Foundation.framework in Frameworks */,
			);
			runOnlyForDeploymentPostprocessing = 0;
		};
		64229B29184E7DEC004627D2 /* Frameworks */ = {
			isa = PBXFrameworksBuildPhase;
			buildActionMask = 2147483647;
			files = (
				64229B2E184E7DEC004627D2 /* XCTest.framework in Frameworks */,
				64229B30184E7DEC004627D2 /* UIKit.framework in Frameworks */,
				64229B2F184E7DEC004627D2 /* Foundation.framework in Frameworks */,
			);
			runOnlyForDeploymentPostprocessing = 0;
		};
/* End PBXFrameworksBuildPhase section */

/* Begin PBXGroup section */
		64229B02184E7DEB004627D2 = {
			isa = PBXGroup;
			children = (
				64229B43184E7E04004627D2 /* HTBURLSession */,
				64229B14184E7DEC004627D2 /* HTBURLSession Demo App */,
				64229B33184E7DEC004627D2 /* HTBURLSessionTests */,
				64229B0D184E7DEC004627D2 /* Frameworks */,
				64229B0C184E7DEC004627D2 /* Products */,
			);
			sourceTree = "<group>";
		};
		64229B0C184E7DEC004627D2 /* Products */ = {
			isa = PBXGroup;
			children = (
				64229B0B184E7DEC004627D2 /* HTBURLSession Demo App.app */,
				64229B2C184E7DEC004627D2 /* HTBURLSessionTests.xctest */,
			);
			name = Products;
			sourceTree = "<group>";
		};
		64229B0D184E7DEC004627D2 /* Frameworks */ = {
			isa = PBXGroup;
			children = (
				64229B0E184E7DEC004627D2 /* Foundation.framework */,
				64229B10184E7DEC004627D2 /* CoreGraphics.framework */,
				64229B12184E7DEC004627D2 /* UIKit.framework */,
				64229B2D184E7DEC004627D2 /* XCTest.framework */,
			);
			name = Frameworks;
			sourceTree = "<group>";
		};
		64229B14184E7DEC004627D2 /* HTBURLSession Demo App */ = {
			isa = PBXGroup;
			children = (
				64229B1D184E7DEC004627D2 /* HTBAppDelegate.h */,
				64229B1E184E7DEC004627D2 /* HTBAppDelegate.m */,
				64229B20184E7DEC004627D2 /* Main.storyboard */,
				64229B23184E7DEC004627D2 /* HTBViewController.h */,
				64229B24184E7DEC004627D2 /* HTBViewController.m */,
				64229B26184E7DEC004627D2 /* Images.xcassets */,
				64229B15184E7DEC004627D2 /* Supporting Files */,
			);
			path = "HTBURLSession Demo App";
			sourceTree = "<group>";
		};
		64229B15184E7DEC004627D2 /* Supporting Files */ = {
			isa = PBXGroup;
			children = (
				64229B16184E7DEC004627D2 /* HTBURLSession Demo App-Info.plist */,
				64229B17184E7DEC004627D2 /* InfoPlist.strings */,
				64229B1A184E7DEC004627D2 /* main.m */,
				64229B1C184E7DEC004627D2 /* HTBURLSession Demo App-Prefix.pch */,
			);
			name = "Supporting Files";
			sourceTree = "<group>";
		};
		64229B33184E7DEC004627D2 /* HTBURLSessionTests */ = {
			isa = PBXGroup;
			children = (
				64229B39184E7DEC004627D2 /* HTBURLSessionTests.m */,
				64229B34184E7DEC004627D2 /* Supporting Files */,
			);
			path = HTBURLSessionTests;
			sourceTree = "<group>";
		};
		64229B34184E7DEC004627D2 /* Supporting Files */ = {
			isa = PBXGroup;
			children = (
				64229B35184E7DEC004627D2 /* HTBURLSessionTests-Info.plist */,
				64229B36184E7DEC004627D2 /* InfoPlist.strings */,
			);
			name = "Supporting Files";
			sourceTree = "<group>";
		};
		64229B43184E7E04004627D2 /* HTBURLSession */ = {
			isa = PBXGroup;
			children = (
				64229B44184E7EBB004627D2 /* HTBURLSession.h */,
				64229B45184E7EBB004627D2 /* HTBURLSession.m */,
			);
			path = HTBURLSession;
			sourceTree = "<group>";
		};
/* End PBXGroup section */

/* Begin PBXNativeTarget section */
		64229B0A184E7DEC004627D2 /* HTBURLSession Demo App */ = {
			isa = PBXNativeTarget;
			buildConfigurationList = 64229B3D184E7DEC004627D2 /* Build configuration list for PBXNativeTarget "HTBURLSession Demo App" */;
			buildPhases = (
				64229B07184E7DEC004627D2 /* Sources */,
				64229B08184E7DEC004627D2 /* Frameworks */,
				64229B09184E7DEC004627D2 /* Resources */,
			);
			buildRules = (
			);
			dependencies = (
			);
			name = "HTBURLSession Demo App";
			productName = "HTBURLSession Demo App";
			productReference = 64229B0B184E7DEC004627D2 /* HTBURLSession Demo App.app */;
			productType = "com.apple.product-type.application";
		};
		64229B2B184E7DEC004627D2 /* HTBURLSessionTests */ = {
			isa = PBXNativeTarget;
			buildConfigurationList = 64229B40184E7DEC004627D2 /* Build configuration list for PBXNativeTarget "HTBURLSessionTests" */;
			buildPhases = (
				64229B28184E7DEC004627D2 /* Sources */,
				64229B29184E7DEC004627D2 /* Frameworks */,
				64229B2A184E7DEC004627D2 /* Resources */,
			);
			buildRules = (
			);
			dependencies = (
				64229B32184E7DEC004627D2 /* PBXTargetDependency */,
			);
			name = HTBURLSessionTests;
			productName = "HTBURLSession Demo AppTests";
			productReference = 64229B2C184E7DEC004627D2 /* HTBURLSessionTests.xctest */;
			productType = "com.apple.product-type.bundle.unit-test";
		};
/* End PBXNativeTarget section */

/* Begin PBXProject section */
		64229B03184E7DEB004627D2 /* Project object */ = {
			isa = PBXProject;
			attributes = {
				CLASSPREFIX = HTB;
				LastUpgradeCheck = 0510;
				ORGANIZATIONNAME = "The High Technology Bureau";
				TargetAttributes = {
					64229B2B184E7DEC004627D2 = {
						TestTargetID = 64229B0A184E7DEC004627D2;
					};
				};
			};
			buildConfigurationList = 64229B06184E7DEB004627D2 /* Build configuration list for PBXProject "HTBURLSession Demo App" */;
			compatibilityVersion = "Xcode 3.2";
			developmentRegion = English;
			hasScannedForEncodings = 0;
			knownRegions = (
				en,
				Base,
			);
			mainGroup = 64229B02184E7DEB004627D2;
			productRefGroup = 64229B0C184E7DEC004627D2 /* Products */;
			projectDirPath = "";
			projectRoot = "";
			targets = (
				64229B0A184E7DEC004627D2 /* HTBURLSession Demo App */,
				64229B2B184E7DEC004627D2 /* HTBURLSessionTests */,
			);
		};
/* End PBXProject section */

/* Begin PBXResourcesBuildPhase section */
		64229B09184E7DEC004627D2 /* Resources */ = {
			isa = PBXResourcesBuildPhase;
			buildActionMask = 2147483647;
			files = (
				64229B27184E7DEC004627D2 /* Images.xcassets in Resources */,
				64229B19184E7DEC004627D2 /* InfoPlist.strings in Resources */,
				64229B22184E7DEC004627D2 /* Main.storyboard in Resources */,
			);
			runOnlyForDeploymentPostprocessing = 0;
		};
		64229B2A184E7DEC004627D2 /* Resources */ = {
			isa = PBXResourcesBuildPhase;
			buildActionMask = 2147483647;
			files = (
				64229B38184E7DEC004627D2 /* InfoPlist.strings in Resources */,
			);
			runOnlyForDeploymentPostprocessing = 0;
		};
/* End PBXResourcesBuildPhase section */

/* Begin PBXSourcesBuildPhase section */
		64229B07184E7DEC004627D2 /* Sources */ = {
			isa = PBXSourcesBuildPhase;
			buildActionMask = 2147483647;
			files = (
				64229B1B184E7DEC004627D2 /* main.m in Sources */,
				64229B1F184E7DEC004627D2 /* HTBAppDelegate.m in Sources */,
				64229B25184E7DEC004627D2 /* HTBViewController.m in Sources */,
				64229B46184E7EBB004627D2 /* HTBURLSession.m in Sources */,
			);
			runOnlyForDeploymentPostprocessing = 0;
		};
		64229B28184E7DEC004627D2 /* Sources */ = {
			isa = PBXSourcesBuildPhase;
			buildActionMask = 2147483647;
			files = (
				64229B3A184E7DEC004627D2 /* HTBURLSessionTests.m in Sources */,
			);
			runOnlyForDeploymentPostprocessing = 0;
		};
/* End PBXSourcesBuildPhase section */

/* Begin PBXTargetDependency section */
		64229B32184E7DEC004627D2 /* PBXTargetDependency */ = {
			isa = PBXTargetDependency;
			target = 64229B0A184E7DEC004627D2 /* HTBURLSession Demo App */;
			targetProxy = 64229B31184E7DEC004627D2 /* PBXContainerItemProxy */;
		};
/* End PBXTargetDependency section */

/* Begin PBXVariantGroup section */
		64229B17184E7DEC004627D2 /* InfoPlist.strings */ = {
			isa = PBXVariantGroup;
			children = (
				64229B18184E7DEC004627D2 /* en */,
			);
			name = InfoPlist.strings;
			sourceTree = "<group>";
		};
		64229B20184E7DEC004627D2 /* Main.storyboard */ = {
			isa = PBXVariantGroup;
			children = (
				64229B21184E7DEC004627D2 /* Base */,
			);
			name = Main.storyboard;
			sourceTree = "<group>";
		};
		64229B36184E7DEC004627D2 /* InfoPlist.strings */ = {
			isa = PBXVariantGroup;
			children = (
				64229B37184E7DEC004627D2 /* en */,
			);
			name = InfoPlist.strings;
			sourceTree = "<group>";
		};
/* End PBXVariantGroup section */

/* Begin XCBuildConfiguration section */
		64229B3B184E7DEC004627D2 /* Debug */ = {
			isa = XCBuildConfiguration;
			buildSettings = {
				ALWAYS_SEARCH_USER_PATHS = NO;
				ARCHS = "$(ARCHS_STANDARD_INCLUDING_64_BIT)";
				CLANG_CXX_LANGUAGE_STANDARD = "gnu++0x";
				CLANG_CXX_LIBRARY = "libc++";
				CLANG_ENABLE_MODULES = YES;
				CLANG_ENABLE_OBJC_ARC = YES;
				CLANG_WARN_BOOL_CONVERSION = YES;
				CLANG_WARN_CONSTANT_CONVERSION = YES;
				CLANG_WARN_DIRECT_OBJC_ISA_USAGE = YES_ERROR;
				CLANG_WARN_EMPTY_BODY = YES;
				CLANG_WARN_ENUM_CONVERSION = YES;
				CLANG_WARN_INT_CONVERSION = YES;
				CLANG_WARN_OBJC_ROOT_CLASS = YES_ERROR;
				CLANG_WARN__DUPLICATE_METHOD_MATCH = YES;
				"CODE_SIGN_IDENTITY[sdk=iphoneos*]" = "iPhone Developer";
				COPY_PHASE_STRIP = NO;
				GCC_C_LANGUAGE_STANDARD = gnu99;
				GCC_DYNAMIC_NO_PIC = NO;
				GCC_OPTIMIZATION_LEVEL = 0;
				GCC_PREPROCESSOR_DEFINITIONS = (
					"DEBUG=1",
					"$(inherited)",
				);
				GCC_SYMBOLS_PRIVATE_EXTERN = NO;
				GCC_WARN_64_TO_32_BIT_CONVERSION = YES;
				GCC_WARN_ABOUT_RETURN_TYPE = YES_ERROR;
				GCC_WARN_UNDECLARED_SELECTOR = YES;
				GCC_WARN_UNINITIALIZED_AUTOS = YES_AGGRESSIVE;
				GCC_WARN_UNUSED_FUNCTION = YES;
				GCC_WARN_UNUSED_VARIABLE = YES;
				IPHONEOS_DEPLOYMENT_TARGET = 7.1;
				ONLY_ACTIVE_ARCH = YES;
				SDKROOT = iphoneos;
			};
			name = Debug;
		};
		64229B3C184E7DEC004627D2 /* Release */ = {
			isa = XCBuildConfiguration;
			buildSettings = {
				ALWAYS_SEARCH_USER_PATHS = NO;
				ARCHS = "$(ARCHS_STANDARD_INCLUDING_64_BIT)";
				CLANG_CXX_LANGUAGE_STANDARD = "gnu++0x";
				CLANG_CXX_LIBRARY = "libc++";
				CLANG_ENABLE_MODULES = YES;
				CLANG_ENABLE_OBJC_ARC = YES;
				CLANG_WARN_BOOL_CONVERSION = YES;
				CLANG_WARN_CONSTANT_CONVERSION = YES;
				CLANG_WARN_DIRECT_OBJC_ISA_USAGE = YES_ERROR;
				CLANG_WARN_EMPTY_BODY = YES;
				CLANG_WARN_ENUM_CONVERSION = YES;
				CLANG_WARN_INT_CONVERSION = YES;
				CLANG_WARN_OBJC_ROOT_CLASS = YES_ERROR;
				CLANG_WARN__DUPLICATE_METHOD_MATCH = YES;
				"CODE_SIGN_IDENTITY[sdk=iphoneos*]" = "iPhone Developer";
				COPY_PHASE_STRIP = YES;
				ENABLE_NS_ASSERTIONS = NO;
				GCC_C_LANGUAGE_STANDARD = gnu99;
				GCC_WARN_64_TO_32_BIT_CONVERSION = YES;
				GCC_WARN_ABOUT_RETURN_TYPE = YES_ERROR;
				GCC_WARN_UNDECLARED_SELECTOR = YES;
				GCC_WARN_UNINITIALIZED_AUTOS = YES_AGGRESSIVE;
				GCC_WARN_UNUSED_FUNCTION = YES;
				GCC_WARN_UNUSED_VARIABLE = YES;
				IPHONEOS_DEPLOYMENT_TARGET = 7.1;
				SDKROOT = iphoneos;
				VALIDATE_PRODUCT = YES;
			};
			name = Release;
		};
		64229B3E184E7DEC004627D2 /* Debug */ = {
			isa = XCBuildConfiguration;
			buildSettings = {
				ASSETCATALOG_COMPILER_APPICON_NAME = AppIcon;
				ASSETCATALOG_COMPILER_LAUNCHIMAGE_NAME = LaunchImage;
				GCC_PRECOMPILE_PREFIX_HEADER = YES;
				GCC_PREFIX_HEADER = "HTBURLSession Demo App/HTBURLSession Demo App-Prefix.pch";
				INFOPLIST_FILE = "HTBURLSession Demo App/HTBURLSession Demo App-Info.plist";
				PRODUCT_NAME = "$(TARGET_NAME)";
				WRAPPER_EXTENSION = app;
			};
			name = Debug;
		};
		64229B3F184E7DEC004627D2 /* Release */ = {
			isa = XCBuildConfiguration;
			buildSettings = {
				ASSETCATALOG_COMPILER_APPICON_NAME = AppIcon;
				ASSETCATALOG_COMPILER_LAUNCHIMAGE_NAME = LaunchImage;
				GCC_PRECOMPILE_PREFIX_HEADER = YES;
				GCC_PREFIX_HEADER = "HTBURLSession Demo App/HTBURLSession Demo App-Prefix.pch";
				INFOPLIST_FILE = "HTBURLSession Demo App/HTBURLSession Demo App-Info.plist";
				PRODUCT_NAME = "$(TARGET_NAME)";
				WRAPPER_EXTENSION = app;
			};
			name = Release;
		};
		64229B41184E7DEC004627D2 /* Debug */ = {
			isa = XCBuildConfiguration;
			buildSettings = {
				ARCHS = "$(ARCHS_STANDARD_INCLUDING_64_BIT)";
				BUNDLE_LOADER = "$(BUILT_PRODUCTS_DIR)/HTBURLSession Demo App.app/HTBURLSession Demo App";
				FRAMEWORK_SEARCH_PATHS = (
					"$(SDKROOT)/Developer/Library/Frameworks",
					"$(inherited)",
					"$(DEVELOPER_FRAMEWORKS_DIR)",
				);
				GCC_PRECOMPILE_PREFIX_HEADER = YES;
				GCC_PREFIX_HEADER = "HTBURLSession Demo App/HTBURLSession Demo App-Prefix.pch";
				GCC_PREPROCESSOR_DEFINITIONS = (
					"DEBUG=1",
					"$(inherited)",
				);
				INFOPLIST_FILE = "HTBURLSession Demo AppTests/HTBURLSessionTests-Info.plist";
				PRODUCT_NAME = "$(TARGET_NAME)";
				TEST_HOST = "$(BUNDLE_LOADER)";
				WRAPPER_EXTENSION = xctest;
			};
			name = Debug;
		};
		64229B42184E7DEC004627D2 /* Release */ = {
			isa = XCBuildConfiguration;
			buildSettings = {
				ARCHS = "$(ARCHS_STANDARD_INCLUDING_64_BIT)";
				BUNDLE_LOADER = "$(BUILT_PRODUCTS_DIR)/HTBURLSession Demo App.app/HTBURLSession Demo App";
				FRAMEWORK_SEARCH_PATHS = (
					"$(SDKROOT)/Developer/Library/Frameworks",
					"$(inherited)",
					"$(DEVELOPER_FRAMEWORKS_DIR)",
				);
				GCC_PRECOMPILE_PREFIX_HEADER = YES;
				GCC_PREFIX_HEADER = "HTBURLSession Demo App/HTBURLSession Demo App-Prefix.pch";
				INFOPLIST_FILE = "HTBURLSession Demo AppTests/HTBURLSessionTests-Info.plist";
				PRODUCT_NAME = "$(TARGET_NAME)";
				TEST_HOST = "$(BUNDLE_LOADER)";
				WRAPPER_EXTENSION = xctest;
			};
			name = Release;
		};
/* End XCBuildConfiguration section */

/* Begin XCConfigurationList section */
		64229B06184E7DEB004627D2 /* Build configuration list for PBXProject "HTBURLSession Demo App" */ = {
			isa = XCConfigurationList;
			buildConfigurations = (
				64229B3B184E7DEC004627D2 /* Debug */,
				64229B3C184E7DEC004627D2 /* Release */,
			);
			defaultConfigurationIsVisible = 0;
			defaultConfigurationName = Release;
		};
		64229B3D184E7DEC004627D2 /* Build configuration list for PBXNativeTarget "HTBURLSession Demo App" */ = {
			isa = XCConfigurationList;
			buildConfigurations = (
				64229B3E184E7DEC004627D2 /* Debug */,
				64229B3F184E7DEC004627D2 /* Release */,
			);
			defaultConfigurationIsVisible = 0;
		};
		64229B40184E7DEC004627D2 /* Build configuration list for PBXNativeTarget "HTBURLSessionTests" */ = {
			isa = XCConfigurationList;
			buildConfigurations = (
				64229B41184E7DEC004627D2 /* Debug */,
				64229B42184E7DEC004627D2 /* Release */,
			);
			defaultConfigurationIsVisible = 0;
		};
/* End XCConfigurationList section */
	};
	rootObject = 64229B03184E7DEB004627D2 /* Project object */;
}
